// !$*UTF8*$!
{
	archiveVersion = 1;
	classes = {
	};
	objectVersion = 77;
	objects = {

/* Begin PBXBuildFile section */
		4B5822B6FA15D28D6A13E4CA /* VelixApp.swift in Sources */ = {isa = PBXBuildFile; fileRef = 270E8D06C636DA79508B29FD /* VelixApp.swift */; };
/* End PBXBuildFile section */

/* Begin PBXContainerItemProxy section */
		4654AFE3E69220B5ED8DA3DE /* PBXContainerItemProxy */ = {
			isa = PBXContainerItemProxy;
			containerPortal = F81C98185A5B9FFC6E4C9CF0 /* Project object */;
			proxyType = 1;
			remoteGlobalIDString = 38CB2E70B0C252665B9B5A8C;
			remoteInfo = Velix;
		};
/* End PBXContainerItemProxy section */

/* Begin PBXFileReference section */
		270E8D06C636DA79508B29FD /* VelixApp.swift */ = {isa = PBXFileReference; lastKnownFileType = sourcecode.swift; path = VelixApp.swift; sourceTree = "<group>"; };
		47A33D8B0AEBD507703C87B0 /* Info.plist */ = {isa = PBXFileReference; lastKnownFileType = text.plist; path = Info.plist; sourceTree = "<group>"; };
		54FFD3C7AF444BE7531D4C6B /* Velix.app */ = {isa = PBXFileReference; includeInIndex = 0; lastKnownFileType = wrapper.application; path = Velix.app; sourceTree = BUILT_PRODUCTS_DIR; };
		BA618BF4B79D700D7412A10F /* VelixTests.xctest */ = {isa = PBXFileReference; includeInIndex = 0; lastKnownFileType = wrapper.cfbundle; path = VelixTests.xctest; sourceTree = BUILT_PRODUCTS_DIR; };
/* End PBXFileReference section */

/* Begin PBXGroup section */
		293D2DA1AC05D7904FAE8E5C /* VelixTests */ = {
			isa = PBXGroup;
			children = (
			);
			path = VelixTests;
			sourceTree = "<group>";
		};
		56D711580BBF4547C0106964 /* Velix */ = {
			isa = PBXGroup;
			children = (
				47A33D8B0AEBD507703C87B0 /* Info.plist */,
				270E8D06C636DA79508B29FD /* VelixApp.swift */,
			);
			path = Velix;
			sourceTree = "<group>";
		};
		76108B3A1EBE93B3F49F1C17 /* Products */ = {
			isa = PBXGroup;
			children = (
				54FFD3C7AF444BE7531D4C6B /* Velix.app */,
				BA618BF4B79D700D7412A10F /* VelixTests.xctest */,
			);
			name = Products;
			sourceTree = "<group>";
		};
		AF24DC6ACD4856158AA779A0 = {
			isa = PBXGroup;
			children = (
				56D711580BBF4547C0106964 /* Velix */,
				293D2DA1AC05D7904FAE8E5C /* VelixTests */,
				76108B3A1EBE93B3F49F1C17 /* Products */,
			);
			sourceTree = "<group>";
		};
/* End PBXGroup section */

/* Begin PBXNativeTarget section */
		38CB2E70B0C252665B9B5A8C /* Velix */ = {
			isa = PBXNativeTarget;
			buildConfigurationList = CF4899C09BF765D6E69D7E50 /* Build configuration list for PBXNativeTarget "Velix" */;
			buildPhases = (
				82261DF0C9D72D4AEB95C28A /* Sources */,
			);
			buildRules = (
			);
			dependencies = (
			);
			name = Velix;
			packageProductDependencies = (
			);
			productName = Velix;
			productReference = 54FFD3C7AF444BE7531D4C6B /* Velix.app */;
			productType = "com.apple.product-type.application";
		};
		4D8188E28CFD86FF11E55614 /* VelixTests */ = {
			isa = PBXNativeTarget;
			buildConfigurationList = 86964307A9F1A5AA2D1652D9 /* Build configuration list for PBXNativeTarget "VelixTests" */;
			buildPhases = (
				91F94991B4A70149CFD51738 /* Sources */,
			);
			buildRules = (
			);
			dependencies = (
				5B7903A2EFC7F149E020C3D8 /* PBXTargetDependency */,
			);
			name = VelixTests;
			packageProductDependencies = (
			);
			productName = VelixTests;
			productReference = BA618BF4B79D700D7412A10F /* VelixTests.xctest */;
			productType = "com.apple.product-type.bundle.unit-test";
		};
/* End PBXNativeTarget section */

/* Begin PBXProject section */
		F81C98185A5B9FFC6E4C9CF0 /* Project object */ = {
			isa = PBXProject;
			attributes = {
				BuildIndependentTargetsInParallel = YES;
				LastUpgradeCheck = 1430;
				TargetAttributes = {
				};
			};
			buildConfigurationList = 29ADCE6E1FEEB93382AA3E6A /* Build configuration list for PBXProject "Velix" */;
			developmentRegion = en;
			hasScannedForEncodings = 0;
			knownRegions = (
				Base,
				en,
			);
			mainGroup = AF24DC6ACD4856158AA779A0;
			minimizedProjectReferenceProxies = 1;
			preferredProjectObjectVersion = 77;
			productRefGroup = 76108B3A1EBE93B3F49F1C17 /* Products */;
			projectDirPath = "";
			projectRoot = "";
			targets = (
				38CB2E70B0C252665B9B5A8C /* Velix */,
				4D8188E28CFD86FF11E55614 /* VelixTests */,
			);
		};
/* End PBXProject section */

/* Begin PBXSourcesBuildPhase section */
		82261DF0C9D72D4AEB95C28A /* Sources */ = {
			isa = PBXSourcesBuildPhase;
			buildActionMask = 2147483647;
			files = (
				4B5822B6FA15D28D6A13E4CA /* VelixApp.swift in Sources */,
			);
			runOnlyForDeploymentPostprocessing = 0;
		};
		91F94991B4A70149CFD51738 /* Sources */ = {
			isa = PBXSourcesBuildPhase;
			buildActionMask = 2147483647;
			files = (
			);
			runOnlyForDeploymentPostprocessing = 0;
		};
/* End PBXSourcesBuildPhase section */

/* Begin PBXTargetDependency section */
		5B7903A2EFC7F149E020C3D8 /* PBXTargetDependency */ = {
			isa = PBXTargetDependency;
			target = 38CB2E70B0C252665B9B5A8C /* Velix */;
			targetProxy = 4654AFE3E69220B5ED8DA3DE /* PBXContainerItemProxy */;
		};
/* End PBXTargetDependency section */

/* Begin XCBuildConfiguration section */
		239E4143EAC52717B658710C /* Release */ = {
			isa = XCBuildConfiguration;
			buildSettings = {
				ASSETCATALOG_COMPILER_APPICON_NAME = AppIcon;
				CODE_SIGN_IDENTITY = "iPhone Developer";
				INFOPLIST_FILE = Velix/Info.plist;
				INFOPLIST_KEY_UILaunchScreen_Generation = YES;
				LD_RUNPATH_SEARCH_PATHS = (
					"$(inherited)",
					"@executable_path/Frameworks",
				);
				MARKETING_VERSION = 1.0.0;
				PRODUCT_BUNDLE_IDENTIFIER = com.velix.app;
				SDKROOT = iphoneos;
				TARGETED_DEVICE_FAMILY = "1,2";
			};
			name = Release;
		};
		ADC69413ED7C1872E6C32081 /* Release */ = {
			isa = XCBuildConfiguration;
			buildSettings = {
				BUNDLE_LOADER = "$(TEST_HOST)";
				LD_RUNPATH_SEARCH_PATHS = (
					"$(inherited)",
					"@executable_path/Frameworks",
					"@loader_path/Frameworks",
				);
				PRODUCT_BUNDLE_IDENTIFIER = com.velix.VelixTests;
				SDKROOT = iphoneos;
				TARGETED_DEVICE_FAMILY = "1,2";
				TEST_HOST = "$(BUILT_PRODUCTS_DIR)/Velix.app/Velix";
			};
			name = Release;
		};
		BBFF723FDAB6F76CF281FB64 /* Debug */ = {
			isa = XCBuildConfiguration;
			buildSettings = {
				ALWAYS_SEARCH_USER_PATHS = NO;
				CLANG_ANALYZER_NONNULL = YES;
				CLANG_ANALYZER_NUMBER_OBJECT_CONVERSION = YES_AGGRESSIVE;
				CLANG_CXX_LANGUAGE_STANDARD = "gnu++14";
				CLANG_CXX_LIBRARY = "libc++";
				CLANG_ENABLE_MODULES = YES;
				CLANG_ENABLE_OBJC_ARC = YES;
				CLANG_ENABLE_OBJC_WEAK = YES;
				CLANG_WARN_BLOCK_CAPTURE_AUTORELEASING = YES;
				CLANG_WARN_BOOL_CONVERSION = YES;
				CLANG_WARN_COMMA = YES;
				CLANG_WARN_CONSTANT_CONVERSION = YES;
				CLANG_WARN_DEPRECATED_OBJC_IMPLEMENTATIONS = YES;
				CLANG_WARN_DIRECT_OBJC_ISA_USAGE = YES_ERROR;
				CLANG_WARN_DOCUMENTATION_COMMENTS = YES;
				CLANG_WARN_EMPTY_BODY = YES;
				CLANG_WARN_ENUM_CONVERSION = YES;
				CLANG_WARN_INFINITE_RECURSION = YES;
				CLANG_WARN_INT_CONVERSION = YES;
				CLANG_WARN_NON_LITERAL_NULL_CONVERSION = YES;
				CLANG_WARN_OBJC_IMPLICIT_RETAIN_SELF = YES;
				CLANG_WARN_OBJC_LITERAL_CONVERSION = YES;
				CLANG_WARN_OBJC_ROOT_CLASS = YES_ERROR;
				CLANG_WARN_QUOTED_INCLUDE_IN_FRAMEWORK_HEADER = YES;
				CLANG_WARN_RANGE_LOOP_ANALYSIS = YES;
				CLANG_WARN_STRICT_PROTOTYPES = YES;
				CLANG_WARN_SUSPICIOUS_MOVE = YES;
				CLANG_WARN_UNGUARDED_AVAILABILITY = YES_AGGRESSIVE;
				CLANG_WARN_UNREACHABLE_CODE = YES;
				CLANG_WARN__DUPLICATE_METHOD_MATCH = YES;
				COPY_PHASE_STRIP = NO;
				DEBUG_INFORMATION_FORMAT = dwarf;
				ENABLE_STRICT_OBJC_MSGSEND = YES;
				ENABLE_TESTABILITY = YES;
				GCC_C_LANGUAGE_STANDARD = gnu11;
				GCC_DYNAMIC_NO_PIC = NO;
				GCC_NO_COMMON_BLOCKS = YES;
				GCC_OPTIMIZATION_LEVEL = 0;
				GCC_PREPROCESSOR_DEFINITIONS = (
					"$(inherited)",
					"DEBUG=1",
				);
				GCC_WARN_64_TO_32_BIT_CONVERSION = YES;
				GCC_WARN_ABOUT_RETURN_TYPE = YES_ERROR;
				GCC_WARN_UNDECLARED_SELECTOR = YES;
				GCC_WARN_UNINITIALIZED_AUTOS = YES_AGGRESSIVE;
				GCC_WARN_UNUSED_FUNCTION = YES;
				GCC_WARN_UNUSED_VARIABLE = YES;
				IPHONEOS_DEPLOYMENT_TARGET = 17.0;
				MTL_ENABLE_DEBUG_INFO = INCLUDE_SOURCE;
				MTL_FAST_MATH = YES;
				ONLY_ACTIVE_ARCH = YES;
				PRODUCT_NAME = "$(TARGET_NAME)";
				SDKROOT = iphoneos;
				SWIFT_ACTIVE_COMPILATION_CONDITIONS = DEBUG;
				SWIFT_OPTIMIZATION_LEVEL = "-Onone";
				SWIFT_VERSION = 5.0;
			};
			name = Debug;
		};
		DBD0865B7EF315DBEE0FBDF2 /* Release */ = {
			isa = XCBuildConfiguration;
			buildSettings = {
				ALWAYS_SEARCH_USER_PATHS = NO;
				CLANG_ANALYZER_NONNULL = YES;
				CLANG_ANALYZER_NUMBER_OBJECT_CONVERSION = YES_AGGRESSIVE;
				CLANG_CXX_LANGUAGE_STANDARD = "gnu++14";
				CLANG_CXX_LIBRARY = "libc++";
				CLANG_ENABLE_MODULES = YES;
				CLANG_ENABLE_OBJC_ARC = YES;
				CLANG_ENABLE_OBJC_WEAK = YES;
				CLANG_WARN_BLOCK_CAPTURE_AUTORELEASING = YES;
				CLANG_WARN_BOOL_CONVERSION = YES;
				CLANG_WARN_COMMA = YES;
				CLANG_WARN_CONSTANT_CONVERSION = YES;
				CLANG_WARN_DEPRECATED_OBJC_IMPLEMENTATIONS = YES;
				CLANG_WARN_DIRECT_OBJC_ISA_USAGE = YES_ERROR;
				CLANG_WARN_DOCUMENTATION_COMMENTS = YES;
				CLANG_WARN_EMPTY_BODY = YES;
				CLANG_WARN_ENUM_CONVERSION = YES;
				CLANG_WARN_INFINITE_RECURSION = YES;
				CLANG_WARN_INT_CONVERSION = YES;
				CLANG_WARN_NON_LITERAL_NULL_CONVERSION = YES;
				CLANG_WARN_OBJC_IMPLICIT_RETAIN_SELF = YES;
				CLANG_WARN_OBJC_LITERAL_CONVERSION = YES;
				CLANG_WARN_OBJC_ROOT_CLASS = YES_ERROR;
				CLANG_WARN_QUOTED_INCLUDE_IN_FRAMEWORK_HEADER = YES;
				CLANG_WARN_RANGE_LOOP_ANALYSIS = YES;
				CLANG_WARN_STRICT_PROTOTYPES = YES;
				CLANG_WARN_SUSPICIOUS_MOVE = YES;
				CLANG_WARN_UNGUARDED_AVAILABILITY = YES_AGGRESSIVE;
				CLANG_WARN_UNREACHABLE_CODE = YES;
				CLANG_WARN__DUPLICATE_METHOD_MATCH = YES;
				COPY_PHASE_STRIP = NO;
				DEBUG_INFORMATION_FORMAT = "dwarf-with-dsym";
				ENABLE_NS_ASSERTIONS = NO;
				ENABLE_STRICT_OBJC_MSGSEND = YES;
				GCC_C_LANGUAGE_STANDARD = gnu11;
				GCC_NO_COMMON_BLOCKS = YES;
				GCC_WARN_64_TO_32_BIT_CONVERSION = YES;
				GCC_WARN_ABOUT_RETURN_TYPE = YES_ERROR;
				GCC_WARN_UNDECLARED_SELECTOR = YES;
				GCC_WARN_UNINITIALIZED_AUTOS = YES_AGGRESSIVE;
				GCC_WARN_UNUSED_FUNCTION = YES;
				GCC_WARN_UNUSED_VARIABLE = YES;
				IPHONEOS_DEPLOYMENT_TARGET = 17.0;
				MTL_ENABLE_DEBUG_INFO = NO;
				MTL_FAST_MATH = YES;
				PRODUCT_NAME = "$(TARGET_NAME)";
				SDKROOT = iphoneos;
				SWIFT_COMPILATION_MODE = wholemodule;
				SWIFT_OPTIMIZATION_LEVEL = "-O";
				SWIFT_VERSION = 5.0;
			};
			name = Release;
		};
		F606A8D3FFDD089DD667B2C0 /* Debug */ = {
			isa = XCBuildConfiguration;
			buildSettings = {
				BUNDLE_LOADER = "$(TEST_HOST)";
				LD_RUNPATH_SEARCH_PATHS = (
					"$(inherited)",
					"@executable_path/Frameworks",
					"@loader_path/Frameworks",
				);
				PRODUCT_BUNDLE_IDENTIFIER = com.velix.VelixTests;
				SDKROOT = iphoneos;
				TARGETED_DEVICE_FAMILY = "1,2";
				TEST_HOST = "$(BUILT_PRODUCTS_DIR)/Velix.app/Velix";
			};
			name = Debug;
		};
		FB9C86950B14FFCDD6D501D0 /* Debug */ = {
			isa = XCBuildConfiguration;
			buildSettings = {
				ASSETCATALOG_COMPILER_APPICON_NAME = AppIcon;
				CODE_SIGN_IDENTITY = "iPhone Developer";
				INFOPLIST_FILE = Velix/Info.plist;
				INFOPLIST_KEY_UILaunchScreen_Generation = YES;
				LD_RUNPATH_SEARCH_PATHS = (
					"$(inherited)",
					"@executable_path/Frameworks",
				);
				MARKETING_VERSION = 1.0.0;
				PRODUCT_BUNDLE_IDENTIFIER = com.velix.app;
				SDKROOT = iphoneos;
				TARGETED_DEVICE_FAMILY = "1,2";
			};
			name = Debug;
		};
/* End XCBuildConfiguration section */

/* Begin XCConfigurationList section */
		29ADCE6E1FEEB93382AA3E6A /* Build configuration list for PBXProject "Velix" */ = {
			isa = XCConfigurationList;
			buildConfigurations = (
				BBFF723FDAB6F76CF281FB64 /* Debug */,
				DBD0865B7EF315DBEE0FBDF2 /* Release */,
			);
			defaultConfigurationIsVisible = 0;
			defaultConfigurationName = Debug;
		};
		86964307A9F1A5AA2D1652D9 /* Build configuration list for PBXNativeTarget "VelixTests" */ = {
			isa = XCConfigurationList;
			buildConfigurations = (
				F606A8D3FFDD089DD667B2C0 /* Debug */,
				ADC69413ED7C1872E6C32081 /* Release */,
			);
			defaultConfigurationIsVisible = 0;
			defaultConfigurationName = Debug;
		};
		CF4899C09BF765D6E69D7E50 /* Build configuration list for PBXNativeTarget "Velix" */ = {
			isa = XCConfigurationList;
			buildConfigurations = (
				FB9C86950B14FFCDD6D501D0 /* Debug */,
				239E4143EAC52717B658710C /* Release */,
			);
			defaultConfigurationIsVisible = 0;
			defaultConfigurationName = Debug;
		};
/* End XCConfigurationList section */
	};
	rootObject = F81C98185A5B9FFC6E4C9CF0 /* Project object */;
}
